
Microsoft Visual Studio Solution File, Format Version 12.00
# Visual Studio Version 17
VisualStudioVersion = 17.9.34714.143
MinimumVisualStudioVersion = 10.0.40219.1
Project("{FAE04EC0-301F-11D3-BF4B-00C04F79EFBC}") = "TypingSpeedTest", "TypingSpeedTest\TypingSpeedTest.csproj", "{1CE46BEC-2E3D-4088-B9D1-A0060F4928D9}"
EndProject
Global
	GlobalSection(SolutionConfigurationPlatforms) = preSolution
		Debug|Any CPU = Debug|Any CPU
		Release|Any CPU = Release|Any CPU
	EndGlobalSection
	GlobalSection(ProjectConfigurationPlatforms) = postSolution
		{1CE46BEC-2E3D-4088-B9D1-A0060F4928D9}.Debug|Any CPU.ActiveCfg = Debug|Any CPU
		{1CE46BEC-2E3D-4088-B9D1-A0060F4928D9}.Debug|Any CPU.Build.0 = Debug|Any CPU
		{1CE46BEC-2E3D-4088-B9D1-A0060F4928D9}.Release|Any CPU.ActiveCfg = Release|Any CPU
		{1CE46BEC-2E3D-4088-B9D1-A0060F4928D9}.Release|Any CPU.Build.0 = Release|Any CPU
	EndGlobalSection
	GlobalSection(SolutionProperties) = preSolution
		HideSolutionNode = FALSE
	EndGlobalSection
	GlobalSection(ExtensibilityGlobals) = postSolution
		SolutionGuid = {78930C13-C5D5-479C-AD57-58DD8797082B}
	EndGlobalSection
EndGlobal
